
Microsoft Visual Studio Solution File, Format Version 12.00
# Visual Studio Version 16
VisualStudioVersion = 16.0.29519.181
MinimumVisualStudioVersion = 10.0.40219.1
Project("{FAE04EC0-301F-11D3-BF4B-00C04F79EFBC}") = "Comparator", "Comparator.csproj", "{A646817C-5798-4F22-A9A2-028C0146E445}"
EndProject
Global
	GlobalSection(SolutionConfigurationPlatforms) = preSolution
		Debug|Any CPU = Debug|Any CPU
		Release|Any CPU = Release|Any CPU
	EndGlobalSection
	GlobalSection(ProjectConfigurationPlatforms) = postSolution
		{A646817C-5798-4F22-A9A2-028C0146E445}.Debug|Any CPU.ActiveCfg = Debug|Any CPU
		{A646817C-5798-4F22-A9A2-028C0146E445}.Debug|Any CPU.Build.0 = Debug|Any CPU
		{A646817C-5798-4F22-A9A2-028C0146E445}.Release|Any CPU.ActiveCfg = Release|Any CPU
		{A646817C-5798-4F22-A9A2-028C0146E445}.Release|Any CPU.Build.0 = Release|Any CPU
	EndGlobalSection
	GlobalSection(SolutionProperties) = preSolution
		HideSolutionNode = FALSE
	EndGlobalSection
	GlobalSection(ExtensibilityGlobals) = postSolution
		SolutionGuid = {5A2BA703-907D-4925-973B-D2D7A3BF19F1}
	EndGlobalSection
EndGlobal
